// !$*UTF8*$!
{
	archiveVersion = 1;
	classes = {
	};
	objectVersion = 77;
	objects = {

/* Begin PBXBuildFile section */
		C87382442D43398F00AB6A27 /* SDWebImageSwiftUI in Frameworks */ = {isa = PBXBuildFile; productRef = C87382432D43398F00AB6A27 /* SDWebImageSwiftUI */; };
		C8D50CF82D40CDD8003F973F /* Alamofire in Frameworks */ = {isa = PBXBuildFile; productRef = C8D50CF72D40CDD8003F973F /* Alamofire */; };
/* End PBXBuildFile section */

/* Begin PBXContainerItemProxy section */
		C81E05672D41CA7900F9692E /* PBXContainerItemProxy */ = {
			isa = PBXContainerItemProxy;
			containerPortal = C8D50CC22D40C92E003F973F /* Project object */;
			proxyType = 1;
			remoteGlobalIDString = C8D50CC92D40C92E003F973F;
			remoteInfo = GitHubUser_Search;
		};
/* End PBXContainerItemProxy section */

/* Begin PBXFileReference section */
		C81E05632D41CA7900F9692E /* GitHubUser_SearchTests.xctest */ = {isa = PBXFileReference; explicitFileType = wrapper.cfbundle; includeInIndex = 0; path = GitHubUser_SearchTests.xctest; sourceTree = BUILT_PRODUCTS_DIR; };
		C8D50CCA2D40C92E003F973F /* GitHubUser_Search.app */ = {isa = PBXFileReference; explicitFileType = wrapper.application; includeInIndex = 0; path = GitHubUser_Search.app; sourceTree = BUILT_PRODUCTS_DIR; };
/* End PBXFileReference section */

/* Begin PBXFileSystemSynchronizedBuildFileExceptionSet section */
		C81E05772D41CB7800F9692E /* Exceptions for "GitHubUser_SearchTests" folder in "GitHubUser_Search" target */ = {
			isa = PBXFileSystemSynchronizedBuildFileExceptionSet;
			membershipExceptions = (
				GitHubUser_SearchTests.swift,
			);
			target = C8D50CC92D40C92E003F973F /* GitHubUser_Search */;
		};
		C81E05782D41CB7800F9692E /* Exceptions for "GitHubUser_SearchTests" folder in "GitHubUser_SearchTests" target */ = {
			isa = PBXFileSystemSynchronizedBuildFileExceptionSet;
			membershipExceptions = (
				GitHubUser_SearchTests.swift,
			);
			target = C81E05622D41CA7900F9692E /* GitHubUser_SearchTests */;
		};
/* End PBXFileSystemSynchronizedBuildFileExceptionSet section */

/* Begin PBXFileSystemSynchronizedRootGroup section */
		C81E05752D41CB7800F9692E /* GitHubUser_SearchTests */ = {
			isa = PBXFileSystemSynchronizedRootGroup;
			exceptions = (
				C81E05772D41CB7800F9692E /* Exceptions for "GitHubUser_SearchTests" folder in "GitHubUser_Search" target */,
				C81E05782D41CB7800F9692E /* Exceptions for "GitHubUser_SearchTests" folder in "GitHubUser_SearchTests" target */,
			);
			path = GitHubUser_SearchTests;
			sourceTree = "<group>";
		};
		C8D50CCC2D40C92E003F973F /* GitHubUser_Search */ = {
			isa = PBXFileSystemSynchronizedRootGroup;
			path = GitHubUser_Search;
			sourceTree = "<group>";
		};
/* End PBXFileSystemSynchronizedRootGroup section */

/* Begin PBXFrameworksBuildPhase section */
		C81E05602D41CA7900F9692E /* Frameworks */ = {
			isa = PBXFrameworksBuildPhase;
			buildActionMask = 2147483647;
			files = (
			);
			runOnlyForDeploymentPostprocessing = 0;
		};
		C8D50CC72D40C92E003F973F /* Frameworks */ = {
			isa = PBXFrameworksBuildPhase;
			buildActionMask = 2147483647;
			files = (
				C87382442D43398F00AB6A27 /* SDWebImageSwiftUI in Frameworks */,
				C8D50CF82D40CDD8003F973F /* Alamofire in Frameworks */,
			);
			runOnlyForDeploymentPostprocessing = 0;
		};
/* End PBXFrameworksBuildPhase section */

/* Begin PBXGroup section */
		C8D50CC12D40C92E003F973F = {
			isa = PBXGroup;
			children = (
				C8D50CCC2D40C92E003F973F /* GitHubUser_Search */,
				C8D50CCB2D40C92E003F973F /* Products */,
				C81E05752D41CB7800F9692E /* GitHubUser_SearchTests */,
			);
			sourceTree = "<group>";
		};
		C8D50CCB2D40C92E003F973F /* Products */ = {
			isa = PBXGroup;
			children = (
				C8D50CCA2D40C92E003F973F /* GitHubUser_Search.app */,
				C81E05632D41CA7900F9692E /* GitHubUser_SearchTests.xctest */,
			);
			name = Products;
			sourceTree = "<group>";
		};
/* End PBXGroup section */

/* Begin PBXNativeTarget section */
		C81E05622D41CA7900F9692E /* GitHubUser_SearchTests */ = {
			isa = PBXNativeTarget;
			buildConfigurationList = C81E056B2D41CA7900F9692E /* Build configuration list for PBXNativeTarget "GitHubUser_SearchTests" */;
			buildPhases = (
				C81E055F2D41CA7900F9692E /* Sources */,
				C81E05602D41CA7900F9692E /* Frameworks */,
				C81E05612D41CA7900F9692E /* Resources */,
			);
			buildRules = (
			);
			dependencies = (
				C81E05682D41CA7900F9692E /* PBXTargetDependency */,
			);
			name = GitHubUser_SearchTests;
			packageProductDependencies = (
			);
			productName = GitHubUser_SearchTests;
			productReference = C81E05632D41CA7900F9692E /* GitHubUser_SearchTests.xctest */;
			productType = "com.apple.product-type.bundle.unit-test";
		};
		C8D50CC92D40C92E003F973F /* GitHubUser_Search */ = {
			isa = PBXNativeTarget;
			buildConfigurationList = C8D50CDD2D40C92F003F973F /* Build configuration list for PBXNativeTarget "GitHubUser_Search" */;
			buildPhases = (
				C8D50CC62D40C92E003F973F /* Sources */,
				C8D50CC72D40C92E003F973F /* Frameworks */,
				C8D50CC82D40C92E003F973F /* Resources */,
			);
			buildRules = (
			);
			dependencies = (
			);
			fileSystemSynchronizedGroups = (
				C81E05752D41CB7800F9692E /* GitHubUser_SearchTests */,
				C8D50CCC2D40C92E003F973F /* GitHubUser_Search */,
			);
			name = GitHubUser_Search;
			packageProductDependencies = (
				C8D50CF72D40CDD8003F973F /* Alamofire */,
				C87382432D43398F00AB6A27 /* SDWebImageSwiftUI */,
			);
			productName = GitHubUser_Search;
			productReference = C8D50CCA2D40C92E003F973F /* GitHubUser_Search.app */;
			productType = "com.apple.product-type.application";
		};
/* End PBXNativeTarget section */

/* Begin PBXProject section */
		C8D50CC22D40C92E003F973F /* Project object */ = {
			isa = PBXProject;
			attributes = {
				BuildIndependentTargetsInParallel = 1;
				LastSwiftUpdateCheck = 1620;
				LastUpgradeCheck = 1620;
				TargetAttributes = {
					C81E05622D41CA7900F9692E = {
						CreatedOnToolsVersion = 16.2;
						TestTargetID = C8D50CC92D40C92E003F973F;
					};
					C8D50CC92D40C92E003F973F = {
						CreatedOnToolsVersion = 16.2;
					};
				};
			};
			buildConfigurationList = C8D50CC52D40C92E003F973F /* Build configuration list for PBXProject "GitHubUser_Search" */;
			developmentRegion = en;
			hasScannedForEncodings = 0;
			knownRegions = (
				en,
				Base,
			);
			mainGroup = C8D50CC12D40C92E003F973F;
			minimizedProjectReferenceProxies = 1;
			packageReferences = (
				C8D50CF62D40CDD8003F973F /* XCRemoteSwiftPackageReference "Alamofire" */,
				C87382422D43398F00AB6A27 /* XCRemoteSwiftPackageReference "SDWebImageSwiftUI" */,
			);
			preferredProjectObjectVersion = 77;
			productRefGroup = C8D50CCB2D40C92E003F973F /* Products */;
			projectDirPath = "";
			projectRoot = "";
			targets = (
				C8D50CC92D40C92E003F973F /* GitHubUser_Search */,
				C81E05622D41CA7900F9692E /* GitHubUser_SearchTests */,
			);
		};
/* End PBXProject section */

/* Begin PBXResourcesBuildPhase section */
		C81E05612D41CA7900F9692E /* Resources */ = {
			isa = PBXResourcesBuildPhase;
			buildActionMask = 2147483647;
			files = (
			);
			runOnlyForDeploymentPostprocessing = 0;
		};
		C8D50CC82D40C92E003F973F /* Resources */ = {
			isa = PBXResourcesBuildPhase;
			buildActionMask = 2147483647;
			files = (
			);
			runOnlyForDeploymentPostprocessing = 0;
		};
/* End PBXResourcesBuildPhase section */

/* Begin PBXSourcesBuildPhase section */
		C81E055F2D41CA7900F9692E /* Sources */ = {
			isa = PBXSourcesBuildPhase;
			buildActionMask = 2147483647;
			files = (
			);
			runOnlyForDeploymentPostprocessing = 0;
		};
		C8D50CC62D40C92E003F973F /* Sources */ = {
			isa = PBXSourcesBuildPhase;
			buildActionMask = 2147483647;
			files = (
			);
			runOnlyForDeploymentPostprocessing = 0;
		};
/* End PBXSourcesBuildPhase section */

/* Begin PBXTargetDependency section */
		C81E05682D41CA7900F9692E /* PBXTargetDependency */ = {
			isa = PBXTargetDependency;
			target = C8D50CC92D40C92E003F973F /* GitHubUser_Search */;
			targetProxy = C81E05672D41CA7900F9692E /* PBXContainerItemProxy */;
		};
/* End PBXTargetDependency section */

/* Begin XCBuildConfiguration section */
		C81E05692D41CA7900F9692E /* Debug */ = {
			isa = XCBuildConfiguration;
			buildSettings = {
				BUNDLE_LOADER = "$(TEST_HOST)";
				CODE_SIGN_STYLE = Automatic;
				CURRENT_PROJECT_VERSION = 1;
				GENERATE_INFOPLIST_FILE = YES;
				MARKETING_VERSION = 1.0;
				PRODUCT_BUNDLE_IDENTIFIER = "com.swift.GitHubUser-SearchTests";
				PRODUCT_NAME = "$(TARGET_NAME)";
				SWIFT_EMIT_LOC_STRINGS = NO;
				SWIFT_VERSION = 5.0;
				TARGETED_DEVICE_FAMILY = "1,2";
				TEST_HOST = "$(BUILT_PRODUCTS_DIR)/GitHubUser_Search.app/$(BUNDLE_EXECUTABLE_FOLDER_PATH)/GitHubUser_Search";
			};
			name = Debug;
		};
		C81E056A2D41CA7900F9692E /* Release */ = {
			isa = XCBuildConfiguration;
			buildSettings = {
				BUNDLE_LOADER = "$(TEST_HOST)";
				CODE_SIGN_STYLE = Automatic;
				CURRENT_PROJECT_VERSION = 1;
				GENERATE_INFOPLIST_FILE = YES;
				MARKETING_VERSION = 1.0;
				PRODUCT_BUNDLE_IDENTIFIER = "com.swift.GitHubUser-SearchTests";
				PRODUCT_NAME = "$(TARGET_NAME)";
				SWIFT_EMIT_LOC_STRINGS = NO;
				SWIFT_VERSION = 5.0;
				TARGETED_DEVICE_FAMILY = "1,2";
				TEST_HOST = "$(BUILT_PRODUCTS_DIR)/GitHubUser_Search.app/$(BUNDLE_EXECUTABLE_FOLDER_PATH)/GitHubUser_Search";
			};
			name = Release;
		};
		C8D50CDB2D40C92F003F973F /* Debug */ = {
			isa = XCBuildConfiguration;
			buildSettings = {
				ALWAYS_SEARCH_USER_PATHS = NO;
				ASSETCATALOG_COMPILER_GENERATE_SWIFT_ASSET_SYMBOL_EXTENSIONS = YES;
				CLANG_ANALYZER_NONNULL = YES;
				CLANG_ANALYZER_NUMBER_OBJECT_CONVERSION = YES_AGGRESSIVE;
				CLANG_CXX_LANGUAGE_STANDARD = "gnu++20";
				CLANG_ENABLE_MODULES = YES;
				CLANG_ENABLE_OBJC_ARC = YES;
				CLANG_ENABLE_OBJC_WEAK = YES;
				CLANG_WARN_BLOCK_CAPTURE_AUTORELEASING = YES;
				CLANG_WARN_BOOL_CONVERSION = YES;
				CLANG_WARN_COMMA = YES;
				CLANG_WARN_CONSTANT_CONVERSION = YES;
				CLANG_WARN_DEPRECATED_OBJC_IMPLEMENTATIONS = YES;
				CLANG_WARN_DIRECT_OBJC_ISA_USAGE = YES_ERROR;
				CLANG_WARN_DOCUMENTATION_COMMENTS = YES;
				CLANG_WARN_EMPTY_BODY = YES;
				CLANG_WARN_ENUM_CONVERSION = YES;
				CLANG_WARN_INFINITE_RECURSION = YES;
				CLANG_WARN_INT_CONVERSION = YES;
				CLANG_WARN_NON_LITERAL_NULL_CONVERSION = YES;
				CLANG_WARN_OBJC_IMPLICIT_RETAIN_SELF = YES;
				CLANG_WARN_OBJC_LITERAL_CONVERSION = YES;
				CLANG_WARN_OBJC_ROOT_CLASS = YES_ERROR;
				CLANG_WARN_QUOTED_INCLUDE_IN_FRAMEWORK_HEADER = YES;
				CLANG_WARN_RANGE_LOOP_ANALYSIS = YES;
				CLANG_WARN_STRICT_PROTOTYPES = YES;
				CLANG_WARN_SUSPICIOUS_MOVE = YES;
				CLANG_WARN_UNGUARDED_AVAILABILITY = YES_AGGRESSIVE;
				CLANG_WARN_UNREACHABLE_CODE = YES;
				CLANG_WARN__DUPLICATE_METHOD_MATCH = YES;
				COPY_PHASE_STRIP = NO;
				DEBUG_INFORMATION_FORMAT = dwarf;
				ENABLE_STRICT_OBJC_MSGSEND = YES;
				ENABLE_TESTABILITY = YES;
				ENABLE_USER_SCRIPT_SANDBOXING = YES;
				GCC_C_LANGUAGE_STANDARD = gnu17;
				GCC_DYNAMIC_NO_PIC = NO;
				GCC_NO_COMMON_BLOCKS = YES;
				GCC_OPTIMIZATION_LEVEL = 0;
				GCC_PREPROCESSOR_DEFINITIONS = (
					"DEBUG=1",
					"$(inherited)",
				);
				GCC_WARN_64_TO_32_BIT_CONVERSION = YES;
				GCC_WARN_ABOUT_RETURN_TYPE = YES_ERROR;
				GCC_WARN_UNDECLARED_SELECTOR = YES;
				GCC_WARN_UNINITIALIZED_AUTOS = YES_AGGRESSIVE;
				GCC_WARN_UNUSED_FUNCTION = YES;
				GCC_WARN_UNUSED_VARIABLE = YES;
				IPHONEOS_DEPLOYMENT_TARGET = 18.2;
				LOCALIZATION_PREFERS_STRING_CATALOGS = YES;
				MTL_ENABLE_DEBUG_INFO = INCLUDE_SOURCE;
				MTL_FAST_MATH = YES;
				ONLY_ACTIVE_ARCH = YES;
				SDKROOT = iphoneos;
				SWIFT_ACTIVE_COMPILATION_CONDITIONS = "DEBUG $(inherited)";
				SWIFT_OPTIMIZATION_LEVEL = "-Onone";
			};
			name = Debug;
		};
		C8D50CDC2D40C92F003F973F /* Release */ = {
			isa = XCBuildConfiguration;
			buildSettings = {
				ALWAYS_SEARCH_USER_PATHS = NO;
				ASSETCATALOG_COMPILER_GENERATE_SWIFT_ASSET_SYMBOL_EXTENSIONS = YES;
				CLANG_ANALYZER_NONNULL = YES;
				CLANG_ANALYZER_NUMBER_OBJECT_CONVERSION = YES_AGGRESSIVE;
				CLANG_CXX_LANGUAGE_STANDARD = "gnu++20";
				CLANG_ENABLE_MODULES = YES;
				CLANG_ENABLE_OBJC_ARC = YES;
				CLANG_ENABLE_OBJC_WEAK = YES;
				CLANG_WARN_BLOCK_CAPTURE_AUTORELEASING = YES;
				CLANG_WARN_BOOL_CONVERSION = YES;
				CLANG_WARN_COMMA = YES;
				CLANG_WARN_CONSTANT_CONVERSION = YES;
				CLANG_WARN_DEPRECATED_OBJC_IMPLEMENTATIONS = YES;
				CLANG_WARN_DIRECT_OBJC_ISA_USAGE = YES_ERROR;
				CLANG_WARN_DOCUMENTATION_COMMENTS = YES;
				CLANG_WARN_EMPTY_BODY = YES;
				CLANG_WARN_ENUM_CONVERSION = YES;
				CLANG_WARN_INFINITE_RECURSION = YES;
				CLANG_WARN_INT_CONVERSION = YES;
				CLANG_WARN_NON_LITERAL_NULL_CONVERSION = YES;
				CLANG_WARN_OBJC_IMPLICIT_RETAIN_SELF = YES;
				CLANG_WARN_OBJC_LITERAL_CONVERSION = YES;
				CLANG_WARN_OBJC_ROOT_CLASS = YES_ERROR;
				CLANG_WARN_QUOTED_INCLUDE_IN_FRAMEWORK_HEADER = YES;
				CLANG_WARN_RANGE_LOOP_ANALYSIS = YES;
				CLANG_WARN_STRICT_PROTOTYPES = YES;
				CLANG_WARN_SUSPICIOUS_MOVE = YES;
				CLANG_WARN_UNGUARDED_AVAILABILITY = YES_AGGRESSIVE;
				CLANG_WARN_UNREACHABLE_CODE = YES;
				CLANG_WARN__DUPLICATE_METHOD_MATCH = YES;
				COPY_PHASE_STRIP = NO;
				DEBUG_INFORMATION_FORMAT = "dwarf-with-dsym";
				ENABLE_NS_ASSERTIONS = NO;
				ENABLE_STRICT_OBJC_MSGSEND = YES;
				ENABLE_USER_SCRIPT_SANDBOXING = YES;
				GCC_C_LANGUAGE_STANDARD = gnu17;
				GCC_NO_COMMON_BLOCKS = YES;
				GCC_WARN_64_TO_32_BIT_CONVERSION = YES;
				GCC_WARN_ABOUT_RETURN_TYPE = YES_ERROR;
				GCC_WARN_UNDECLARED_SELECTOR = YES;
				GCC_WARN_UNINITIALIZED_AUTOS = YES_AGGRESSIVE;
				GCC_WARN_UNUSED_FUNCTION = YES;
				GCC_WARN_UNUSED_VARIABLE = YES;
				IPHONEOS_DEPLOYMENT_TARGET = 18.2;
				LOCALIZATION_PREFERS_STRING_CATALOGS = YES;
				MTL_ENABLE_DEBUG_INFO = NO;
				MTL_FAST_MATH = YES;
				SDKROOT = iphoneos;
				SWIFT_COMPILATION_MODE = wholemodule;
				VALIDATE_PRODUCT = YES;
			};
			name = Release;
		};
		C8D50CDE2D40C92F003F973F /* Debug */ = {
			isa = XCBuildConfiguration;
			buildSettings = {
				ASSETCATALOG_COMPILER_APPICON_NAME = AppIcon;
				ASSETCATALOG_COMPILER_GLOBAL_ACCENT_COLOR_NAME = AccentColor;
				CODE_SIGN_STYLE = Automatic;
				CURRENT_PROJECT_VERSION = 1;
				DEVELOPMENT_ASSET_PATHS = "\"GitHubUser_Search/Preview Content\"";
				ENABLE_PREVIEWS = YES;
				GENERATE_INFOPLIST_FILE = YES;
				INFOPLIST_FILE = "GitHubUser-Search-Info.plist";
				INFOPLIST_KEY_UIApplicationSceneManifest_Generation = YES;
				INFOPLIST_KEY_UIApplicationSupportsIndirectInputEvents = YES;
				INFOPLIST_KEY_UILaunchScreen_Generation = YES;
				INFOPLIST_KEY_UISupportedInterfaceOrientations_iPad = "UIInterfaceOrientationPortrait UIInterfaceOrientationPortraitUpsideDown UIInterfaceOrientationLandscapeLeft UIInterfaceOrientationLandscapeRight";
				INFOPLIST_KEY_UISupportedInterfaceOrientations_iPhone = "UIInterfaceOrientationPortrait UIInterfaceOrientationLandscapeLeft UIInterfaceOrientationLandscapeRight";
				LD_RUNPATH_SEARCH_PATHS = (
					"$(inherited)",
					"@executable_path/Frameworks",
				);
				MARKETING_VERSION = 1.0;
				PRODUCT_BUNDLE_IDENTIFIER = "com.swift.GitHubUser-Search";
				PRODUCT_NAME = "$(TARGET_NAME)";
				SWIFT_EMIT_LOC_STRINGS = YES;
				SWIFT_VERSION = 5.0;
				TARGETED_DEVICE_FAMILY = "1,2";
			};
			name = Debug;
		};
		C8D50CDF2D40C92F003F973F /* Release */ = {
			isa = XCBuildConfiguration;
			buildSettings = {
				ASSETCATALOG_COMPILER_APPICON_NAME = AppIcon;
				ASSETCATALOG_COMPILER_GLOBAL_ACCENT_COLOR_NAME = AccentColor;
				CODE_SIGN_STYLE = Automatic;
				CURRENT_PROJECT_VERSION = 1;
				DEVELOPMENT_ASSET_PATHS = "\"GitHubUser_Search/Preview Content\"";
				ENABLE_PREVIEWS = YES;
				GENERATE_INFOPLIST_FILE = YES;
				INFOPLIST_FILE = "GitHubUser-Search-Info.plist";
				INFOPLIST_KEY_UIApplicationSceneManifest_Generation = YES;
				INFOPLIST_KEY_UIApplicationSupportsIndirectInputEvents = YES;
				INFOPLIST_KEY_UILaunchScreen_Generation = YES;
				INFOPLIST_KEY_UISupportedInterfaceOrientations_iPad = "UIInterfaceOrientationPortrait UIInterfaceOrientationPortraitUpsideDown UIInterfaceOrientationLandscapeLeft UIInterfaceOrientationLandscapeRight";
				INFOPLIST_KEY_UISupportedInterfaceOrientations_iPhone = "UIInterfaceOrientationPortrait UIInterfaceOrientationLandscapeLeft UIInterfaceOrientationLandscapeRight";
				LD_RUNPATH_SEARCH_PATHS = (
					"$(inherited)",
					"@executable_path/Frameworks",
				);
				MARKETING_VERSION = 1.0;
				PRODUCT_BUNDLE_IDENTIFIER = "com.swift.GitHubUser-Search";
				PRODUCT_NAME = "$(TARGET_NAME)";
				SWIFT_EMIT_LOC_STRINGS = YES;
				SWIFT_VERSION = 5.0;
				TARGETED_DEVICE_FAMILY = "1,2";
			};
			name = Release;
		};
/* End XCBuildConfiguration section */

/* Begin XCConfigurationList section */
		C81E056B2D41CA7900F9692E /* Build configuration list for PBXNativeTarget "GitHubUser_SearchTests" */ = {
			isa = XCConfigurationList;
			buildConfigurations = (
				C81E05692D41CA7900F9692E /* Debug */,
				C81E056A2D41CA7900F9692E /* Release */,
			);
			defaultConfigurationIsVisible = 0;
			defaultConfigurationName = Release;
		};
		C8D50CC52D40C92E003F973F /* Build configuration list for PBXProject "GitHubUser_Search" */ = {
			isa = XCConfigurationList;
			buildConfigurations = (
				C8D50CDB2D40C92F003F973F /* Debug */,
				C8D50CDC2D40C92F003F973F /* Release */,
			);
			defaultConfigurationIsVisible = 0;
			defaultConfigurationName = Release;
		};
		C8D50CDD2D40C92F003F973F /* Build configuration list for PBXNativeTarget "GitHubUser_Search" */ = {
			isa = XCConfigurationList;
			buildConfigurations = (
				C8D50CDE2D40C92F003F973F /* Debug */,
				C8D50CDF2D40C92F003F973F /* Release */,
			);
			defaultConfigurationIsVisible = 0;
			defaultConfigurationName = Release;
		};
/* End XCConfigurationList section */

/* Begin XCRemoteSwiftPackageReference section */
		C87382422D43398F00AB6A27 /* XCRemoteSwiftPackageReference "SDWebImageSwiftUI" */ = {
			isa = XCRemoteSwiftPackageReference;
			repositoryURL = "https://github.com/SDWebImage/SDWebImageSwiftUI";
			requirement = {
				kind = upToNextMajorVersion;
				minimumVersion = 3.1.3;
			};
		};
		C8D50CF62D40CDD8003F973F /* XCRemoteSwiftPackageReference "Alamofire" */ = {
			isa = XCRemoteSwiftPackageReference;
			repositoryURL = "https://github.com/Alamofire/Alamofire.git";
			requirement = {
				kind = upToNextMajorVersion;
				minimumVersion = 5.10.2;
			};
		};
/* End XCRemoteSwiftPackageReference section */

/* Begin XCSwiftPackageProductDependency section */
		C87382432D43398F00AB6A27 /* SDWebImageSwiftUI */ = {
			isa = XCSwiftPackageProductDependency;
			package = C87382422D43398F00AB6A27 /* XCRemoteSwiftPackageReference "SDWebImageSwiftUI" */;
			productName = SDWebImageSwiftUI;
		};
		C8D50CF72D40CDD8003F973F /* Alamofire */ = {
			isa = XCSwiftPackageProductDependency;
			package = C8D50CF62D40CDD8003F973F /* XCRemoteSwiftPackageReference "Alamofire" */;
			productName = Alamofire;
		};
/* End XCSwiftPackageProductDependency section */
	};
	rootObject = C8D50CC22D40C92E003F973F /* Project object */;
}
